
Microsoft Visual Studio Solution File, Format Version 12.00
# Visual Studio Version 17
VisualStudioVersion = 17.6.33829.357
MinimumVisualStudioVersion = 10.0.40219.1
Project("{FAE04EC0-301F-11D3-BF4B-00C04F79EFBC}") = "XamarinIteration1.Android", "XamarinIteration1.Android\XamarinIteration1.Android.csproj", "{53150443-EB19-4C00-9071-713678305C05}"
EndProject
Project("{FAE04EC0-301F-11D3-BF4B-00C04F79EFBC}") = "XamarinIteration1.iOS", "XamarinIteration1.iOS\XamarinIteration1.iOS.csproj", "{AB742FCB-7B9B-4041-8471-3EA29D2BBC32}"
EndProject
Project("{FAE04EC0-301F-11D3-BF4B-00C04F79EFBC}") = "XamarinIteration1", "XamarinIteration1\XamarinIteration1.csproj", "{707BD76B-CA77-45A9-BB34-09391F59AB24}"
EndProject
Global
	GlobalSection(SolutionConfigurationPlatforms) = preSolution
		Debug|Any CPU = Debug|Any CPU
		Debug|iPhone = Debug|iPhone
		Debug|iPhoneSimulator = Debug|iPhoneSimulator
		Release|Any CPU = Release|Any CPU
		Release|iPhone = Release|iPhone
		Release|iPhoneSimulator = Release|iPhoneSimulator
	EndGlobalSection
	GlobalSection(ProjectConfigurationPlatforms) = postSolution
		{53150443-EB19-4C00-9071-713678305C05}.Debug|Any CPU.ActiveCfg = Debug|Any CPU
		{53150443-EB19-4C00-9071-713678305C05}.Debug|Any CPU.Build.0 = Debug|Any CPU
		{53150443-EB19-4C00-9071-713678305C05}.Debug|Any CPU.Deploy.0 = Debug|Any CPU
		{53150443-EB19-4C00-9071-713678305C05}.Debug|iPhone.ActiveCfg = Debug|Any CPU
		{53150443-EB19-4C00-9071-713678305C05}.Debug|iPhone.Build.0 = Debug|Any CPU
		{53150443-EB19-4C00-9071-713678305C05}.Debug|iPhone.Deploy.0 = Debug|Any CPU
		{53150443-EB19-4C00-9071-713678305C05}.Debug|iPhoneSimulator.ActiveCfg = Debug|Any CPU
		{53150443-EB19-4C00-9071-713678305C05}.Debug|iPhoneSimulator.Build.0 = Debug|Any CPU
		{53150443-EB19-4C00-9071-713678305C05}.Debug|iPhoneSimulator.Deploy.0 = Debug|Any CPU
		{53150443-EB19-4C00-9071-713678305C05}.Release|Any CPU.ActiveCfg = Release|Any CPU
		{53150443-EB19-4C00-9071-713678305C05}.Release|Any CPU.Build.0 = Release|Any CPU
		{53150443-EB19-4C00-9071-713678305C05}.Release|Any CPU.Deploy.0 = Release|Any CPU
		{53150443-EB19-4C00-9071-713678305C05}.Release|iPhone.ActiveCfg = Release|Any CPU
		{53150443-EB19-4C00-9071-713678305C05}.Release|iPhone.Build.0 = Release|Any CPU
		{53150443-EB19-4C00-9071-713678305C05}.Release|iPhone.Deploy.0 = Release|Any CPU
		{53150443-EB19-4C00-9071-713678305C05}.Release|iPhoneSimulator.ActiveCfg = Release|Any CPU
		{53150443-EB19-4C00-9071-713678305C05}.Release|iPhoneSimulator.Build.0 = Release|Any CPU
		{53150443-EB19-4C00-9071-713678305C05}.Release|iPhoneSimulator.Deploy.0 = Release|Any CPU
		{AB742FCB-7B9B-4041-8471-3EA29D2BBC32}.Debug|Any CPU.ActiveCfg = Debug|iPhone
		{AB742FCB-7B9B-4041-8471-3EA29D2BBC32}.Debug|Any CPU.Build.0 = Debug|iPhone
		{AB742FCB-7B9B-4041-8471-3EA29D2BBC32}.Debug|Any CPU.Deploy.0 = Debug|iPhone
		{AB742FCB-7B9B-4041-8471-3EA29D2BBC32}.Debug|iPhone.ActiveCfg = Debug|iPhone
		{AB742FCB-7B9B-4041-8471-3EA29D2BBC32}.Debug|iPhone.Build.0 = Debug|iPhone
		{AB742FCB-7B9B-4041-8471-3EA29D2BBC32}.Debug|iPhone.Deploy.0 = Debug|iPhone
		{AB742FCB-7B9B-4041-8471-3EA29D2BBC32}.Debug|iPhoneSimulator.ActiveCfg = Debug|iPhoneSimulator
		{AB742FCB-7B9B-4041-8471-3EA29D2BBC32}.Debug|iPhoneSimulator.Build.0 = Debug|iPhoneSimulator
		{AB742FCB-7B9B-4041-8471-3EA29D2BBC32}.Debug|iPhoneSimulator.Deploy.0 = Debug|iPhoneSimulator
		{AB742FCB-7B9B-4041-8471-3EA29D2BBC32}.Release|Any CPU.ActiveCfg = Release|iPhoneSimulator
		{AB742FCB-7B9B-4041-8471-3EA29D2BBC32}.Release|Any CPU.Build.0 = Release|iPhoneSimulator
		{AB742FCB-7B9B-4041-8471-3EA29D2BBC32}.Release|Any CPU.Deploy.0 = Release|iPhoneSimulator
		{AB742FCB-7B9B-4041-8471-3EA29D2BBC32}.Release|iPhone.ActiveCfg = Release|iPhone
		{AB742FCB-7B9B-4041-8471-3EA29D2BBC32}.Release|iPhone.Build.0 = Release|iPhone
		{AB742FCB-7B9B-4041-8471-3EA29D2BBC32}.Release|iPhone.Deploy.0 = Release|iPhone
		{AB742FCB-7B9B-4041-8471-3EA29D2BBC32}.Release|iPhoneSimulator.ActiveCfg = Release|iPhoneSimulator
		{AB742FCB-7B9B-4041-8471-3EA29D2BBC32}.Release|iPhoneSimulator.Build.0 = Release|iPhoneSimulator
		{AB742FCB-7B9B-4041-8471-3EA29D2BBC32}.Release|iPhoneSimulator.Deploy.0 = Release|iPhoneSimulator
		{707BD76B-CA77-45A9-BB34-09391F59AB24}.Debug|Any CPU.ActiveCfg = Debug|Any CPU
		{707BD76B-CA77-45A9-BB34-09391F59AB24}.Debug|Any CPU.Build.0 = Debug|Any CPU
		{707BD76B-CA77-45A9-BB34-09391F59AB24}.Debug|Any CPU.Deploy.0 = Debug|Any CPU
		{707BD76B-CA77-45A9-BB34-09391F59AB24}.Debug|iPhone.ActiveCfg = Debug|Any CPU
		{707BD76B-CA77-45A9-BB34-09391F59AB24}.Debug|iPhone.Build.0 = Debug|Any CPU
		{707BD76B-CA77-45A9-BB34-09391F59AB24}.Debug|iPhone.Deploy.0 = Debug|Any CPU
		{707BD76B-CA77-45A9-BB34-09391F59AB24}.Debug|iPhoneSimulator.ActiveCfg = Debug|Any CPU
		{707BD76B-CA77-45A9-BB34-09391F59AB24}.Debug|iPhoneSimulator.Build.0 = Debug|Any CPU
		{707BD76B-CA77-45A9-BB34-09391F59AB24}.Debug|iPhoneSimulator.Deploy.0 = Debug|Any CPU
		{707BD76B-CA77-45A9-BB34-09391F59AB24}.Release|Any CPU.ActiveCfg = Release|Any CPU
		{707BD76B-CA77-45A9-BB34-09391F59AB24}.Release|Any CPU.Build.0 = Release|Any CPU
		{707BD76B-CA77-45A9-BB34-09391F59AB24}.Release|Any CPU.Deploy.0 = Release|Any CPU
		{707BD76B-CA77-45A9-BB34-09391F59AB24}.Release|iPhone.ActiveCfg = Release|Any CPU
		{707BD76B-CA77-45A9-BB34-09391F59AB24}.Release|iPhone.Build.0 = Release|Any CPU
		{707BD76B-CA77-45A9-BB34-09391F59AB24}.Release|iPhone.Deploy.0 = Release|Any CPU
		{707BD76B-CA77-45A9-BB34-09391F59AB24}.Release|iPhoneSimulator.ActiveCfg = Release|Any CPU
		{707BD76B-CA77-45A9-BB34-09391F59AB24}.Release|iPhoneSimulator.Build.0 = Release|Any CPU
		{707BD76B-CA77-45A9-BB34-09391F59AB24}.Release|iPhoneSimulator.Deploy.0 = Release|Any CPU
	EndGlobalSection
	GlobalSection(SolutionProperties) = preSolution
		HideSolutionNode = FALSE
	EndGlobalSection
	GlobalSection(ExtensibilityGlobals) = postSolution
		SolutionGuid = {F1C52853-9ED1-4C19-B47F-8FAB124F9D18}
	EndGlobalSection
EndGlobal
